
Microsoft Visual Studio Solution File, Format Version 12.00
# Visual Studio Version 17
VisualStudioVersion = 17.10.35122.118
MinimumVisualStudioVersion = 10.0.40219.1
Project("{9A19103F-16F7-4668-BE54-9A1E7A4F7556}") = "UdemyRabbitMQ.publisher", "UdemyRabbitMQ.publisher\UdemyRabbitMQ.publisher.csproj", "{311C2766-7110-4617-9177-06C186B7007B}"
EndProject
Project("{9A19103F-16F7-4668-BE54-9A1E7A4F7556}") = "UdemyRabbitMQ.subscriber", "UdemyRabbitMQ.subscriber\UdemyRabbitMQ.subscriber.csproj", "{5DE5DB89-E6C7-45A3-BBB2-8DDDD6AFD0B4}"
EndProject
Project("{9A19103F-16F7-4668-BE54-9A1E7A4F7556}") = "Shared", "Shared\Shared.csproj", "{57040373-FB4E-4C45-A26A-4C9BF7B52EEE}"
EndProject
Project("{9A19103F-16F7-4668-BE54-9A1E7A4F7556}") = "UdemyRabbitMQWeb.Watermark", "UdemyRabbitMQWeb.Watermark\UdemyRabbitMQWeb.Watermark.csproj", "{90BFCF81-EF3C-4E07-B2E3-D95FC6C41AB9}"
EndProject
Project("{9A19103F-16F7-4668-BE54-9A1E7A4F7556}") = "UdemyRabbitMQWeb.ExcelCreate", "UdemyRabbitMQWeb.ExcelCreate\UdemyRabbitMQWeb.ExcelCreate.csproj", "{EDA854A2-046E-4EB9-9B91-B9D3286AE20C}"
EndProject
Project("{FAE04EC0-301F-11D3-BF4B-00C04F79EFBC}") = "FileCreateWorkerService", "FileCreateWorkerService\FileCreateWorkerService.csproj", "{2710F92A-B023-4F07-9ED4-A109BE752DD3}"
EndProject
Global
	GlobalSection(SolutionConfigurationPlatforms) = preSolution
		Debug|Any CPU = Debug|Any CPU
		Release|Any CPU = Release|Any CPU
	EndGlobalSection
	GlobalSection(ProjectConfigurationPlatforms) = postSolution
		{311C2766-7110-4617-9177-06C186B7007B}.Debug|Any CPU.ActiveCfg = Debug|Any CPU
		{311C2766-7110-4617-9177-06C186B7007B}.Debug|Any CPU.Build.0 = Debug|Any CPU
		{311C2766-7110-4617-9177-06C186B7007B}.Release|Any CPU.ActiveCfg = Release|Any CPU
		{311C2766-7110-4617-9177-06C186B7007B}.Release|Any CPU.Build.0 = Release|Any CPU
		{5DE5DB89-E6C7-45A3-BBB2-8DDDD6AFD0B4}.Debug|Any CPU.ActiveCfg = Debug|Any CPU
		{5DE5DB89-E6C7-45A3-BBB2-8DDDD6AFD0B4}.Debug|Any CPU.Build.0 = Debug|Any CPU
		{5DE5DB89-E6C7-45A3-BBB2-8DDDD6AFD0B4}.Release|Any CPU.ActiveCfg = Release|Any CPU
		{5DE5DB89-E6C7-45A3-BBB2-8DDDD6AFD0B4}.Release|Any CPU.Build.0 = Release|Any CPU
		{57040373-FB4E-4C45-A26A-4C9BF7B52EEE}.Debug|Any CPU.ActiveCfg = Debug|Any CPU
		{57040373-FB4E-4C45-A26A-4C9BF7B52EEE}.Debug|Any CPU.Build.0 = Debug|Any CPU
		{57040373-FB4E-4C45-A26A-4C9BF7B52EEE}.Release|Any CPU.ActiveCfg = Release|Any CPU
		{57040373-FB4E-4C45-A26A-4C9BF7B52EEE}.Release|Any CPU.Build.0 = Release|Any CPU
		{90BFCF81-EF3C-4E07-B2E3-D95FC6C41AB9}.Debug|Any CPU.ActiveCfg = Debug|Any CPU
		{90BFCF81-EF3C-4E07-B2E3-D95FC6C41AB9}.Debug|Any CPU.Build.0 = Debug|Any CPU
		{90BFCF81-EF3C-4E07-B2E3-D95FC6C41AB9}.Release|Any CPU.ActiveCfg = Release|Any CPU
		{90BFCF81-EF3C-4E07-B2E3-D95FC6C41AB9}.Release|Any CPU.Build.0 = Release|Any CPU
		{EDA854A2-046E-4EB9-9B91-B9D3286AE20C}.Debug|Any CPU.ActiveCfg = Debug|Any CPU
		{EDA854A2-046E-4EB9-9B91-B9D3286AE20C}.Debug|Any CPU.Build.0 = Debug|Any CPU
		{EDA854A2-046E-4EB9-9B91-B9D3286AE20C}.Release|Any CPU.ActiveCfg = Release|Any CPU
		{EDA854A2-046E-4EB9-9B91-B9D3286AE20C}.Release|Any CPU.Build.0 = Release|Any CPU
		{2710F92A-B023-4F07-9ED4-A109BE752DD3}.Debug|Any CPU.ActiveCfg = Debug|Any CPU
		{2710F92A-B023-4F07-9ED4-A109BE752DD3}.Debug|Any CPU.Build.0 = Debug|Any CPU
		{2710F92A-B023-4F07-9ED4-A109BE752DD3}.Release|Any CPU.ActiveCfg = Release|Any CPU
		{2710F92A-B023-4F07-9ED4-A109BE752DD3}.Release|Any CPU.Build.0 = Release|Any CPU
	EndGlobalSection
	GlobalSection(SolutionProperties) = preSolution
		HideSolutionNode = FALSE
	EndGlobalSection
	GlobalSection(ExtensibilityGlobals) = postSolution
		SolutionGuid = {B21C9641-17D7-472E-9E7D-4EF72E15C067}
	EndGlobalSection
EndGlobal
